// !$*UTF8*$!
{
	archiveVersion = 1;
	classes = {
	};
	objectVersion = 56;
	objects = {

/* Begin PBXBuildFile section */
		67870174290A7A8F003C392E /* Test7_App.swift in Sources */ = {isa = PBXBuildFile; fileRef = 67870173290A7A8F003C392E /* Test7_App.swift */; };
		67870176290A7A8F003C392E /* ContentView.swift in Sources */ = {isa = PBXBuildFile; fileRef = 67870175290A7A8F003C392E /* ContentView.swift */; };
		67870178290A7A90003C392E /* Assets.xcassets in Resources */ = {isa = PBXBuildFile; fileRef = 67870177290A7A90003C392E /* Assets.xcassets */; };
		6787017B290A7A90003C392E /* Preview Assets.xcassets in Resources */ = {isa = PBXBuildFile; fileRef = 6787017A290A7A90003C392E /* Preview Assets.xcassets */; };
		67870185290A7A90003C392E /* Test7_Tests.swift in Sources */ = {isa = PBXBuildFile; fileRef = 67870184290A7A90003C392E /* Test7_Tests.swift */; };
		6787018F290A7A90003C392E /* Test7_UITests.swift in Sources */ = {isa = PBXBuildFile; fileRef = 6787018E290A7A90003C392E /* Test7_UITests.swift */; };
		67870191290A7A90003C392E /* Test7_UITestsLaunchTests.swift in Sources */ = {isa = PBXBuildFile; fileRef = 67870190290A7A90003C392E /* Test7_UITestsLaunchTests.swift */; };
/* End PBXBuildFile section */

/* Begin PBXContainerItemProxy section */
		67870181290A7A90003C392E /* PBXContainerItemProxy */ = {
			isa = PBXContainerItemProxy;
			containerPortal = 67870168290A7A8F003C392E /* Project object */;
			proxyType = 1;
			remoteGlobalIDString = 6787016F290A7A8F003C392E;
			remoteInfo = "Test7\\";
		};
		6787018B290A7A90003C392E /* PBXContainerItemProxy */ = {
			isa = PBXContainerItemProxy;
			containerPortal = 67870168290A7A8F003C392E /* Project object */;
			proxyType = 1;
			remoteGlobalIDString = 6787016F290A7A8F003C392E;
			remoteInfo = "Test7\\";
		};
/* End PBXContainerItemProxy section */

/* Begin PBXFileReference section */
		67870170290A7A8F003C392E /* Test7\.app */ = {isa = PBXFileReference; explicitFileType = wrapper.application; includeInIndex = 0; path = "Test7\\.app"; sourceTree = BUILT_PRODUCTS_DIR; };
		67870173290A7A8F003C392E /* Test7_App.swift */ = {isa = PBXFileReference; lastKnownFileType = sourcecode.swift; path = Test7_App.swift; sourceTree = "<group>"; };
		67870175290A7A8F003C392E /* ContentView.swift */ = {isa = PBXFileReference; lastKnownFileType = sourcecode.swift; path = ContentView.swift; sourceTree = "<group>"; };
		67870177290A7A90003C392E /* Assets.xcassets */ = {isa = PBXFileReference; lastKnownFileType = folder.assetcatalog; path = Assets.xcassets; sourceTree = "<group>"; };
		6787017A290A7A90003C392E /* Preview Assets.xcassets */ = {isa = PBXFileReference; lastKnownFileType = folder.assetcatalog; path = "Preview Assets.xcassets"; sourceTree = "<group>"; };
		67870180290A7A90003C392E /* Test7\Tests.xctest */ = {isa = PBXFileReference; explicitFileType = wrapper.cfbundle; includeInIndex = 0; path = "Test7\\Tests.xctest"; sourceTree = BUILT_PRODUCTS_DIR; };
		67870184290A7A90003C392E /* Test7_Tests.swift */ = {isa = PBXFileReference; lastKnownFileType = sourcecode.swift; path = Test7_Tests.swift; sourceTree = "<group>"; };
		6787018A290A7A90003C392E /* Test7\UITests.xctest */ = {isa = PBXFileReference; explicitFileType = wrapper.cfbundle; includeInIndex = 0; path = "Test7\\UITests.xctest"; sourceTree = BUILT_PRODUCTS_DIR; };
		6787018E290A7A90003C392E /* Test7_UITests.swift */ = {isa = PBXFileReference; lastKnownFileType = sourcecode.swift; path = Test7_UITests.swift; sourceTree = "<group>"; };
		67870190290A7A90003C392E /* Test7_UITestsLaunchTests.swift */ = {isa = PBXFileReference; lastKnownFileType = sourcecode.swift; path = Test7_UITestsLaunchTests.swift; sourceTree = "<group>"; };
/* End PBXFileReference section */

/* Begin PBXFrameworksBuildPhase section */
		6787016D290A7A8F003C392E /* Frameworks */ = {
			isa = PBXFrameworksBuildPhase;
			buildActionMask = 2147483647;
			files = (
			);
			runOnlyForDeploymentPostprocessing = 0;
		};
		6787017D290A7A90003C392E /* Frameworks */ = {
			isa = PBXFrameworksBuildPhase;
			buildActionMask = 2147483647;
			files = (
			);
			runOnlyForDeploymentPostprocessing = 0;
		};
		67870187290A7A90003C392E /* Frameworks */ = {
			isa = PBXFrameworksBuildPhase;
			buildActionMask = 2147483647;
			files = (
			);
			runOnlyForDeploymentPostprocessing = 0;
		};
/* End PBXFrameworksBuildPhase section */

/* Begin PBXGroup section */
		67870167290A7A8F003C392E = {
			isa = PBXGroup;
			children = (
				67870172290A7A8F003C392E /* Test7\ */,
				67870183290A7A90003C392E /* Test7\Tests */,
				6787018D290A7A90003C392E /* Test7\UITests */,
				67870171290A7A8F003C392E /* Products */,
			);
			sourceTree = "<group>";
		};
		67870171290A7A8F003C392E /* Products */ = {
			isa = PBXGroup;
			children = (
				67870170290A7A8F003C392E /* Test7\.app */,
				67870180290A7A90003C392E /* Test7\Tests.xctest */,
				6787018A290A7A90003C392E /* Test7\UITests.xctest */,
			);
			name = Products;
			sourceTree = "<group>";
		};
		67870172290A7A8F003C392E /* Test7\ */ = {
			isa = PBXGroup;
			children = (
				67870173290A7A8F003C392E /* Test7_App.swift */,
				67870175290A7A8F003C392E /* ContentView.swift */,
				67870177290A7A90003C392E /* Assets.xcassets */,
				67870179290A7A90003C392E /* Preview Content */,
			);
			path = "Test7\\";
			sourceTree = "<group>";
		};
		67870179290A7A90003C392E /* Preview Content */ = {
			isa = PBXGroup;
			children = (
				6787017A290A7A90003C392E /* Preview Assets.xcassets */,
			);
			path = "Preview Content";
			sourceTree = "<group>";
		};
		67870183290A7A90003C392E /* Test7\Tests */ = {
			isa = PBXGroup;
			children = (
				67870184290A7A90003C392E /* Test7_Tests.swift */,
			);
			path = "Test7\\Tests";
			sourceTree = "<group>";
		};
		6787018D290A7A90003C392E /* Test7\UITests */ = {
			isa = PBXGroup;
			children = (
				6787018E290A7A90003C392E /* Test7_UITests.swift */,
				67870190290A7A90003C392E /* Test7_UITestsLaunchTests.swift */,
			);
			path = "Test7\\UITests";
			sourceTree = "<group>";
		};
/* End PBXGroup section */

/* Begin PBXNativeTarget section */
		6787016F290A7A8F003C392E /* Test7\ */ = {
			isa = PBXNativeTarget;
			buildConfigurationList = 67870194290A7A90003C392E /* Build configuration list for PBXNativeTarget "Test7\" */;
			buildPhases = (
				6787016C290A7A8F003C392E /* Sources */,
				6787016D290A7A8F003C392E /* Frameworks */,
				6787016E290A7A8F003C392E /* Resources */,
			);
			buildRules = (
			);
			dependencies = (
			);
			name = "Test7\\";
			productName = "Test7\\";
			productReference = 67870170290A7A8F003C392E /* Test7\.app */;
			productType = "com.apple.product-type.application";
		};
		6787017F290A7A90003C392E /* Test7\Tests */ = {
			isa = PBXNativeTarget;
			buildConfigurationList = 67870197290A7A90003C392E /* Build configuration list for PBXNativeTarget "Test7\Tests" */;
			buildPhases = (
				6787017C290A7A90003C392E /* Sources */,
				6787017D290A7A90003C392E /* Frameworks */,
				6787017E290A7A90003C392E /* Resources */,
			);
			buildRules = (
			);
			dependencies = (
				67870182290A7A90003C392E /* PBXTargetDependency */,
			);
			name = "Test7\\Tests";
			productName = "Test7\\Tests";
			productReference = 67870180290A7A90003C392E /* Test7\Tests.xctest */;
			productType = "com.apple.product-type.bundle.unit-test";
		};
		67870189290A7A90003C392E /* Test7\UITests */ = {
			isa = PBXNativeTarget;
			buildConfigurationList = 6787019A290A7A90003C392E /* Build configuration list for PBXNativeTarget "Test7\UITests" */;
			buildPhases = (
				67870186290A7A90003C392E /* Sources */,
				67870187290A7A90003C392E /* Frameworks */,
				67870188290A7A90003C392E /* Resources */,
			);
			buildRules = (
			);
			dependencies = (
				6787018C290A7A90003C392E /* PBXTargetDependency */,
			);
			name = "Test7\\UITests";
			productName = "Test7\\UITests";
			productReference = 6787018A290A7A90003C392E /* Test7\UITests.xctest */;
			productType = "com.apple.product-type.bundle.ui-testing";
		};
/* End PBXNativeTarget section */

/* Begin PBXProject section */
		67870168290A7A8F003C392E /* Project object */ = {
			isa = PBXProject;
			attributes = {
				BuildIndependentTargetsInParallel = 1;
				LastSwiftUpdateCheck = 1400;
				LastUpgradeCheck = 1400;
				TargetAttributes = {
					6787016F290A7A8F003C392E = {
						CreatedOnToolsVersion = 14.0.1;
					};
					6787017F290A7A90003C392E = {
						CreatedOnToolsVersion = 14.0.1;
						TestTargetID = 6787016F290A7A8F003C392E;
					};
					67870189290A7A90003C392E = {
						CreatedOnToolsVersion = 14.0.1;
						TestTargetID = 6787016F290A7A8F003C392E;
					};
				};
			};
			buildConfigurationList = 6787016B290A7A8F003C392E /* Build configuration list for PBXProject "Test7\" */;
			compatibilityVersion = "Xcode 14.0";
			developmentRegion = en;
			hasScannedForEncodings = 0;
			knownRegions = (
				en,
				Base,
			);
			mainGroup = 67870167290A7A8F003C392E;
			productRefGroup = 67870171290A7A8F003C392E /* Products */;
			projectDirPath = "";
			projectRoot = "";
			targets = (
				6787016F290A7A8F003C392E /* Test7\ */,
				6787017F290A7A90003C392E /* Test7\Tests */,
				67870189290A7A90003C392E /* Test7\UITests */,
			);
		};
/* End PBXProject section */

/* Begin PBXResourcesBuildPhase section */
		6787016E290A7A8F003C392E /* Resources */ = {
			isa = PBXResourcesBuildPhase;
			buildActionMask = 2147483647;
			files = (
				6787017B290A7A90003C392E /* Preview Assets.xcassets in Resources */,
				67870178290A7A90003C392E /* Assets.xcassets in Resources */,
			);
			runOnlyForDeploymentPostprocessing = 0;
		};
		6787017E290A7A90003C392E /* Resources */ = {
			isa = PBXResourcesBuildPhase;
			buildActionMask = 2147483647;
			files = (
			);
			runOnlyForDeploymentPostprocessing = 0;
		};
		67870188290A7A90003C392E /* Resources */ = {
			isa = PBXResourcesBuildPhase;
			buildActionMask = 2147483647;
			files = (
			);
			runOnlyForDeploymentPostprocessing = 0;
		};
/* End PBXResourcesBuildPhase section */

/* Begin PBXSourcesBuildPhase section */
		6787016C290A7A8F003C392E /* Sources */ = {
			isa = PBXSourcesBuildPhase;
			buildActionMask = 2147483647;
			files = (
				67870176290A7A8F003C392E /* ContentView.swift in Sources */,
				67870174290A7A8F003C392E /* Test7_App.swift in Sources */,
			);
			runOnlyForDeploymentPostprocessing = 0;
		};
		6787017C290A7A90003C392E /* Sources */ = {
			isa = PBXSourcesBuildPhase;
			buildActionMask = 2147483647;
			files = (
				67870185290A7A90003C392E /* Test7_Tests.swift in Sources */,
			);
			runOnlyForDeploymentPostprocessing = 0;
		};
		67870186290A7A90003C392E /* Sources */ = {
			isa = PBXSourcesBuildPhase;
			buildActionMask = 2147483647;
			files = (
				67870191290A7A90003C392E /* Test7_UITestsLaunchTests.swift in Sources */,
				6787018F290A7A90003C392E /* Test7_UITests.swift in Sources */,
			);
			runOnlyForDeploymentPostprocessing = 0;
		};
/* End PBXSourcesBuildPhase section */

/* Begin PBXTargetDependency section */
		67870182290A7A90003C392E /* PBXTargetDependency */ = {
			isa = PBXTargetDependency;
			target = 6787016F290A7A8F003C392E /* Test7\ */;
			targetProxy = 67870181290A7A90003C392E /* PBXContainerItemProxy */;
		};
		6787018C290A7A90003C392E /* PBXTargetDependency */ = {
			isa = PBXTargetDependency;
			target = 6787016F290A7A8F003C392E /* Test7\ */;
			targetProxy = 6787018B290A7A90003C392E /* PBXContainerItemProxy */;
		};
/* End PBXTargetDependency section */

/* Begin XCBuildConfiguration section */
		67870192290A7A90003C392E /* Debug */ = {
			isa = XCBuildConfiguration;
			buildSettings = {
				ALWAYS_SEARCH_USER_PATHS = NO;
				CLANG_ANALYZER_NONNULL = YES;
				CLANG_ANALYZER_NUMBER_OBJECT_CONVERSION = YES_AGGRESSIVE;
				CLANG_CXX_LANGUAGE_STANDARD = "gnu++20";
				CLANG_ENABLE_MODULES = YES;
				CLANG_ENABLE_OBJC_ARC = YES;
				CLANG_ENABLE_OBJC_WEAK = YES;
				CLANG_WARN_BLOCK_CAPTURE_AUTORELEASING = YES;
				CLANG_WARN_BOOL_CONVERSION = YES;
				CLANG_WARN_COMMA = YES;
				CLANG_WARN_CONSTANT_CONVERSION = YES;
				CLANG_WARN_DEPRECATED_OBJC_IMPLEMENTATIONS = YES;
				CLANG_WARN_DIRECT_OBJC_ISA_USAGE = YES_ERROR;
				CLANG_WARN_DOCUMENTATION_COMMENTS = YES;
				CLANG_WARN_EMPTY_BODY = YES;
				CLANG_WARN_ENUM_CONVERSION = YES;
				CLANG_WARN_INFINITE_RECURSION = YES;
				CLANG_WARN_INT_CONVERSION = YES;
				CLANG_WARN_NON_LITERAL_NULL_CONVERSION = YES;
				CLANG_WARN_OBJC_IMPLICIT_RETAIN_SELF = YES;
				CLANG_WARN_OBJC_LITERAL_CONVERSION = YES;
				CLANG_WARN_OBJC_ROOT_CLASS = YES_ERROR;
				CLANG_WARN_QUOTED_INCLUDE_IN_FRAMEWORK_HEADER = YES;
				CLANG_WARN_RANGE_LOOP_ANALYSIS = YES;
				CLANG_WARN_STRICT_PROTOTYPES = YES;
				CLANG_WARN_SUSPICIOUS_MOVE = YES;
				CLANG_WARN_UNGUARDED_AVAILABILITY = YES_AGGRESSIVE;
				CLANG_WARN_UNREACHABLE_CODE = YES;
				CLANG_WARN__DUPLICATE_METHOD_MATCH = YES;
				COPY_PHASE_STRIP = NO;
				DEBUG_INFORMATION_FORMAT = dwarf;
				ENABLE_STRICT_OBJC_MSGSEND = YES;
				ENABLE_TESTABILITY = YES;
				GCC_C_LANGUAGE_STANDARD = gnu11;
				GCC_DYNAMIC_NO_PIC = NO;
				GCC_NO_COMMON_BLOCKS = YES;
				GCC_OPTIMIZATION_LEVEL = 0;
				GCC_PREPROCESSOR_DEFINITIONS = (
					"DEBUG=1",
					"$(inherited)",
				);
				GCC_WARN_64_TO_32_BIT_CONVERSION = YES;
				GCC_WARN_ABOUT_RETURN_TYPE = YES_ERROR;
				GCC_WARN_UNDECLARED_SELECTOR = YES;
				GCC_WARN_UNINITIALIZED_AUTOS = YES_AGGRESSIVE;
				GCC_WARN_UNUSED_FUNCTION = YES;
				GCC_WARN_UNUSED_VARIABLE = YES;
				IPHONEOS_DEPLOYMENT_TARGET = 16.0;
				MTL_ENABLE_DEBUG_INFO = INCLUDE_SOURCE;
				MTL_FAST_MATH = YES;
				ONLY_ACTIVE_ARCH = YES;
				SDKROOT = iphoneos;
				SWIFT_ACTIVE_COMPILATION_CONDITIONS = DEBUG;
				SWIFT_OPTIMIZATION_LEVEL = "-Onone";
			};
			name = Debug;
		};
		67870193290A7A90003C392E /* Release */ = {
			isa = XCBuildConfiguration;
			buildSettings = {
				ALWAYS_SEARCH_USER_PATHS = NO;
				CLANG_ANALYZER_NONNULL = YES;
				CLANG_ANALYZER_NUMBER_OBJECT_CONVERSION = YES_AGGRESSIVE;
				CLANG_CXX_LANGUAGE_STANDARD = "gnu++20";
				CLANG_ENABLE_MODULES = YES;
				CLANG_ENABLE_OBJC_ARC = YES;
				CLANG_ENABLE_OBJC_WEAK = YES;
				CLANG_WARN_BLOCK_CAPTURE_AUTORELEASING = YES;
				CLANG_WARN_BOOL_CONVERSION = YES;
				CLANG_WARN_COMMA = YES;
				CLANG_WARN_CONSTANT_CONVERSION = YES;
				CLANG_WARN_DEPRECATED_OBJC_IMPLEMENTATIONS = YES;
				CLANG_WARN_DIRECT_OBJC_ISA_USAGE = YES_ERROR;
				CLANG_WARN_DOCUMENTATION_COMMENTS = YES;
				CLANG_WARN_EMPTY_BODY = YES;
				CLANG_WARN_ENUM_CONVERSION = YES;
				CLANG_WARN_INFINITE_RECURSION = YES;
				CLANG_WARN_INT_CONVERSION = YES;
				CLANG_WARN_NON_LITERAL_NULL_CONVERSION = YES;
				CLANG_WARN_OBJC_IMPLICIT_RETAIN_SELF = YES;
				CLANG_WARN_OBJC_LITERAL_CONVERSION = YES;
				CLANG_WARN_OBJC_ROOT_CLASS = YES_ERROR;
				CLANG_WARN_QUOTED_INCLUDE_IN_FRAMEWORK_HEADER = YES;
				CLANG_WARN_RANGE_LOOP_ANALYSIS = YES;
				CLANG_WARN_STRICT_PROTOTYPES = YES;
				CLANG_WARN_SUSPICIOUS_MOVE = YES;
				CLANG_WARN_UNGUARDED_AVAILABILITY = YES_AGGRESSIVE;
				CLANG_WARN_UNREACHABLE_CODE = YES;
				CLANG_WARN__DUPLICATE_METHOD_MATCH = YES;
				COPY_PHASE_STRIP = NO;
				DEBUG_INFORMATION_FORMAT = "dwarf-with-dsym";
				ENABLE_NS_ASSERTIONS = NO;
				ENABLE_STRICT_OBJC_MSGSEND = YES;
				GCC_C_LANGUAGE_STANDARD = gnu11;
				GCC_NO_COMMON_BLOCKS = YES;
				GCC_WARN_64_TO_32_BIT_CONVERSION = YES;
				GCC_WARN_ABOUT_RETURN_TYPE = YES_ERROR;
				GCC_WARN_UNDECLARED_SELECTOR = YES;
				GCC_WARN_UNINITIALIZED_AUTOS = YES_AGGRESSIVE;
				GCC_WARN_UNUSED_FUNCTION = YES;
				GCC_WARN_UNUSED_VARIABLE = YES;
				IPHONEOS_DEPLOYMENT_TARGET = 16.0;
				MTL_ENABLE_DEBUG_INFO = NO;
				MTL_FAST_MATH = YES;
				SDKROOT = iphoneos;
				SWIFT_COMPILATION_MODE = wholemodule;
				SWIFT_OPTIMIZATION_LEVEL = "-O";
				VALIDATE_PRODUCT = YES;
			};
			name = Release;
		};
		67870195290A7A90003C392E /* Debug */ = {
			isa = XCBuildConfiguration;
			buildSettings = {
				ASSETCATALOG_COMPILER_APPICON_NAME = AppIcon;
				ASSETCATALOG_COMPILER_GLOBAL_ACCENT_COLOR_NAME = AccentColor;
				CODE_SIGN_STYLE = Automatic;
				CURRENT_PROJECT_VERSION = 1;
				DEVELOPMENT_ASSET_PATHS = "\"Test7\\\\/Preview Content\"";
				ENABLE_PREVIEWS = YES;
				GENERATE_INFOPLIST_FILE = YES;
				INFOPLIST_KEY_UIApplicationSceneManifest_Generation = YES;
				INFOPLIST_KEY_UIApplicationSupportsIndirectInputEvents = YES;
				INFOPLIST_KEY_UILaunchScreen_Generation = YES;
				INFOPLIST_KEY_UISupportedInterfaceOrientations_iPad = "UIInterfaceOrientationPortrait UIInterfaceOrientationPortraitUpsideDown UIInterfaceOrientationLandscapeLeft UIInterfaceOrientationLandscapeRight";
				INFOPLIST_KEY_UISupportedInterfaceOrientations_iPhone = "UIInterfaceOrientationPortrait UIInterfaceOrientationLandscapeLeft UIInterfaceOrientationLandscapeRight";
				LD_RUNPATH_SEARCH_PATHS = (
					"$(inherited)",
					"@executable_path/Frameworks",
				);
				MARKETING_VERSION = 1.0;
				PRODUCT_BUNDLE_IDENTIFIER = "TWQ.Test7-";
				PRODUCT_NAME = "$(TARGET_NAME)";
				SWIFT_EMIT_LOC_STRINGS = YES;
				SWIFT_VERSION = 5.0;
				TARGETED_DEVICE_FAMILY = "1,2";
			};
			name = Debug;
		};
		67870196290A7A90003C392E /* Release */ = {
			isa = XCBuildConfiguration;
			buildSettings = {
				ASSETCATALOG_COMPILER_APPICON_NAME = AppIcon;
				ASSETCATALOG_COMPILER_GLOBAL_ACCENT_COLOR_NAME = AccentColor;
				CODE_SIGN_STYLE = Automatic;
				CURRENT_PROJECT_VERSION = 1;
				DEVELOPMENT_ASSET_PATHS = "\"Test7\\\\/Preview Content\"";
				ENABLE_PREVIEWS = YES;
				GENERATE_INFOPLIST_FILE = YES;
				INFOPLIST_KEY_UIApplicationSceneManifest_Generation = YES;
				INFOPLIST_KEY_UIApplicationSupportsIndirectInputEvents = YES;
				INFOPLIST_KEY_UILaunchScreen_Generation = YES;
				INFOPLIST_KEY_UISupportedInterfaceOrientations_iPad = "UIInterfaceOrientationPortrait UIInterfaceOrientationPortraitUpsideDown UIInterfaceOrientationLandscapeLeft UIInterfaceOrientationLandscapeRight";
				INFOPLIST_KEY_UISupportedInterfaceOrientations_iPhone = "UIInterfaceOrientationPortrait UIInterfaceOrientationLandscapeLeft UIInterfaceOrientationLandscapeRight";
				LD_RUNPATH_SEARCH_PATHS = (
					"$(inherited)",
					"@executable_path/Frameworks",
				);
				MARKETING_VERSION = 1.0;
				PRODUCT_BUNDLE_IDENTIFIER = "TWQ.Test7-";
				PRODUCT_NAME = "$(TARGET_NAME)";
				SWIFT_EMIT_LOC_STRINGS = YES;
				SWIFT_VERSION = 5.0;
				TARGETED_DEVICE_FAMILY = "1,2";
			};
			name = Release;
		};
		67870198290A7A90003C392E /* Debug */ = {
			isa = XCBuildConfiguration;
			buildSettings = {
				ALWAYS_EMBED_SWIFT_STANDARD_LIBRARIES = YES;
				BUNDLE_LOADER = "$(TEST_HOST)";
				CODE_SIGN_STYLE = Automatic;
				CURRENT_PROJECT_VERSION = 1;
				GENERATE_INFOPLIST_FILE = YES;
				IPHONEOS_DEPLOYMENT_TARGET = 16.0;
				MARKETING_VERSION = 1.0;
				PRODUCT_BUNDLE_IDENTIFIER = "TWQ.Test7-Tests";
				PRODUCT_NAME = "$(TARGET_NAME)";
				SWIFT_EMIT_LOC_STRINGS = NO;
				SWIFT_VERSION = 5.0;
				TARGETED_DEVICE_FAMILY = "1,2";
				TEST_HOST = "$(BUILT_PRODUCTS_DIR)/Test7\\.app/$(BUNDLE_EXECUTABLE_FOLDER_PATH)/Test7\\";
			};
			name = Debug;
		};
		67870199290A7A90003C392E /* Release */ = {
			isa = XCBuildConfiguration;
			buildSettings = {
				ALWAYS_EMBED_SWIFT_STANDARD_LIBRARIES = YES;
				BUNDLE_LOADER = "$(TEST_HOST)";
				CODE_SIGN_STYLE = Automatic;
				CURRENT_PROJECT_VERSION = 1;
				GENERATE_INFOPLIST_FILE = YES;
				IPHONEOS_DEPLOYMENT_TARGET = 16.0;
				MARKETING_VERSION = 1.0;
				PRODUCT_BUNDLE_IDENTIFIER = "TWQ.Test7-Tests";
				PRODUCT_NAME = "$(TARGET_NAME)";
				SWIFT_EMIT_LOC_STRINGS = NO;
				SWIFT_VERSION = 5.0;
				TARGETED_DEVICE_FAMILY = "1,2";
				TEST_HOST = "$(BUILT_PRODUCTS_DIR)/Test7\\.app/$(BUNDLE_EXECUTABLE_FOLDER_PATH)/Test7\\";
			};
			name = Release;
		};
		6787019B290A7A90003C392E /* Debug */ = {
			isa = XCBuildConfiguration;
			buildSettings = {
				ALWAYS_EMBED_SWIFT_STANDARD_LIBRARIES = YES;
				CODE_SIGN_STYLE = Automatic;
				CURRENT_PROJECT_VERSION = 1;
				GENERATE_INFOPLIST_FILE = YES;
				MARKETING_VERSION = 1.0;
				PRODUCT_BUNDLE_IDENTIFIER = "TWQ.Test7-UITests";
				PRODUCT_NAME = "$(TARGET_NAME)";
				SWIFT_EMIT_LOC_STRINGS = NO;
				SWIFT_VERSION = 5.0;
				TARGETED_DEVICE_FAMILY = "1,2";
				TEST_TARGET_NAME = "Test7\\";
			};
			name = Debug;
		};
		6787019C290A7A90003C392E /* Release */ = {
			isa = XCBuildConfiguration;
			buildSettings = {
				ALWAYS_EMBED_SWIFT_STANDARD_LIBRARIES = YES;
				CODE_SIGN_STYLE = Automatic;
				CURRENT_PROJECT_VERSION = 1;
				GENERATE_INFOPLIST_FILE = YES;
				MARKETING_VERSION = 1.0;
				PRODUCT_BUNDLE_IDENTIFIER = "TWQ.Test7-UITests";
				PRODUCT_NAME = "$(TARGET_NAME)";
				SWIFT_EMIT_LOC_STRINGS = NO;
				SWIFT_VERSION = 5.0;
				TARGETED_DEVICE_FAMILY = "1,2";
				TEST_TARGET_NAME = "Test7\\";
			};
			name = Release;
		};
/* End XCBuildConfiguration section */

/* Begin XCConfigurationList section */
		6787016B290A7A8F003C392E /* Build configuration list for PBXProject "Test7\" */ = {
			isa = XCConfigurationList;
			buildConfigurations = (
				67870192290A7A90003C392E /* Debug */,
				67870193290A7A90003C392E /* Release */,
			);
			defaultConfigurationIsVisible = 0;
			defaultConfigurationName = Release;
		};
		67870194290A7A90003C392E /* Build configuration list for PBXNativeTarget "Test7\" */ = {
			isa = XCConfigurationList;
			buildConfigurations = (
				67870195290A7A90003C392E /* Debug */,
				67870196290A7A90003C392E /* Release */,
			);
			defaultConfigurationIsVisible = 0;
			defaultConfigurationName = Release;
		};
		67870197290A7A90003C392E /* Build configuration list for PBXNativeTarget "Test7\Tests" */ = {
			isa = XCConfigurationList;
			buildConfigurations = (
				67870198290A7A90003C392E /* Debug */,
				67870199290A7A90003C392E /* Release */,
			);
			defaultConfigurationIsVisible = 0;
			defaultConfigurationName = Release;
		};
		6787019A290A7A90003C392E /* Build configuration list for PBXNativeTarget "Test7\UITests" */ = {
			isa = XCConfigurationList;
			buildConfigurations = (
				6787019B290A7A90003C392E /* Debug */,
				6787019C290A7A90003C392E /* Release */,
			);
			defaultConfigurationIsVisible = 0;
			defaultConfigurationName = Release;
		};
/* End XCConfigurationList section */
	};
	rootObject = 67870168290A7A8F003C392E /* Project object */;
}
